
Microsoft Visual Studio Solution File, Format Version 12.00
# Visual Studio Version 17
VisualStudioVersion = 17.9.34616.47
MinimumVisualStudioVersion = 10.0.40219.1
Project("{9A19103F-16F7-4668-BE54-9A1E7A4F7556}") = "Carte.API", "Carte.API\Carte.API.csproj", "{203A6AD6-0662-4DB1-8377-4A5516A8CFAB}"
EndProject
Project("{9A19103F-16F7-4668-BE54-9A1E7A4F7556}") = "Client.API", "Client.API\Client.API.csproj", "{DECC5CDC-3D80-46AE-9EDA-22DCF9223259}"
EndProject
Project("{9A19103F-16F7-4668-BE54-9A1E7A4F7556}") = "Compte.API", "Compte.API\Compte.API.csproj", "{6F49B910-C46A-4B21-80C9-CCF153413CDD}"
EndProject
Project("{9A19103F-16F7-4668-BE54-9A1E7A4F7556}") = "Transaction.API", "Transaction.API\Transaction.API.csproj", "{5E0ED634-A39C-4DAC-823E-259220A21C3C}"
EndProject
Project("{9A19103F-16F7-4668-BE54-9A1E7A4F7556}") = "STBEverywhere", "STBEverywhere\STBEverywhere.csproj", "{4540C316-16BF-4AA4-AABB-5EC151006E3E}"
EndProject
Global
	GlobalSection(SolutionConfigurationPlatforms) = preSolution
		Debug|Any CPU = Debug|Any CPU
		Release|Any CPU = Release|Any CPU
	EndGlobalSection
	GlobalSection(ProjectConfigurationPlatforms) = postSolution
		{203A6AD6-0662-4DB1-8377-4A5516A8CFAB}.Debug|Any CPU.ActiveCfg = Debug|Any CPU
		{203A6AD6-0662-4DB1-8377-4A5516A8CFAB}.Debug|Any CPU.Build.0 = Debug|Any CPU
		{203A6AD6-0662-4DB1-8377-4A5516A8CFAB}.Release|Any CPU.ActiveCfg = Release|Any CPU
		{203A6AD6-0662-4DB1-8377-4A5516A8CFAB}.Release|Any CPU.Build.0 = Release|Any CPU
		{DECC5CDC-3D80-46AE-9EDA-22DCF9223259}.Debug|Any CPU.ActiveCfg = Debug|Any CPU
		{DECC5CDC-3D80-46AE-9EDA-22DCF9223259}.Debug|Any CPU.Build.0 = Debug|Any CPU
		{DECC5CDC-3D80-46AE-9EDA-22DCF9223259}.Release|Any CPU.ActiveCfg = Release|Any CPU
		{DECC5CDC-3D80-46AE-9EDA-22DCF9223259}.Release|Any CPU.Build.0 = Release|Any CPU
		{6F49B910-C46A-4B21-80C9-CCF153413CDD}.Debug|Any CPU.ActiveCfg = Debug|Any CPU
		{6F49B910-C46A-4B21-80C9-CCF153413CDD}.Debug|Any CPU.Build.0 = Debug|Any CPU
		{6F49B910-C46A-4B21-80C9-CCF153413CDD}.Release|Any CPU.ActiveCfg = Release|Any CPU
		{6F49B910-C46A-4B21-80C9-CCF153413CDD}.Release|Any CPU.Build.0 = Release|Any CPU
		{5E0ED634-A39C-4DAC-823E-259220A21C3C}.Debug|Any CPU.ActiveCfg = Debug|Any CPU
		{5E0ED634-A39C-4DAC-823E-259220A21C3C}.Debug|Any CPU.Build.0 = Debug|Any CPU
		{5E0ED634-A39C-4DAC-823E-259220A21C3C}.Release|Any CPU.ActiveCfg = Release|Any CPU
		{5E0ED634-A39C-4DAC-823E-259220A21C3C}.Release|Any CPU.Build.0 = Release|Any CPU
		{4540C316-16BF-4AA4-AABB-5EC151006E3E}.Debug|Any CPU.ActiveCfg = Debug|Any CPU
		{4540C316-16BF-4AA4-AABB-5EC151006E3E}.Debug|Any CPU.Build.0 = Debug|Any CPU
		{4540C316-16BF-4AA4-AABB-5EC151006E3E}.Release|Any CPU.ActiveCfg = Release|Any CPU
		{4540C316-16BF-4AA4-AABB-5EC151006E3E}.Release|Any CPU.Build.0 = Release|Any CPU
	EndGlobalSection
	GlobalSection(SolutionProperties) = preSolution
		HideSolutionNode = FALSE
	EndGlobalSection
	GlobalSection(ExtensibilityGlobals) = postSolution
		SolutionGuid = {77CED9F0-69DB-4739-B898-D69F10789703}
	EndGlobalSection
EndGlobal
